PODS:
  - Expecta (0.4.2)
  - SMBFetchedResultsController (0.1.0)
  - Specta (0.5.0)

DEPENDENCIES:
  - Expecta
  - SMBFetchedResultsController (from `../`)
  - Specta

EXTERNAL SOURCES:
  SMBFetchedResultsController:
    :path: "../"

SPEC CHECKSUMS:
  Expecta: 78b4e8b0c8291fa4524d7f74016b6065c2e391ec
  SMBFetchedResultsController: c309e840f28db5ec2c91da92cf17c2bad527977a
  Specta: eb90708ed77569bbda089f8ead10bb99b8e9489e

COCOAPODS: 0.38.2
